
Microsoft Visual Studio Solution File, Format Version 12.00
# Visual Studio Version 17
VisualStudioVersion = 17.10.34928.147
MinimumVisualStudioVersion = 10.0.40219.1
Project("{9A19103F-16F7-4668-BE54-9A1E7A4F7556}") = "Boilerplates", "Boilerplates\Boilerplates.csproj", "{FE505BF6-7905-4653-AC75-83DC8A776F29}"
EndProject
Project("{9A19103F-16F7-4668-BE54-9A1E7A4F7556}") = "Boilerplates_WinForm", "Boilerplates_WinForm\Boilerplates_WinForm.csproj", "{6E763656-B5BE-4C6D-8B2C-6C4241D1BA16}"
EndProject
Project("{2150E333-8FDC-42A3-9474-1A3956D46DE8}") = "HowTo", "HowTo", "{C051B02E-9C1E-41B3-B6E9-C0C1B53DF6CF}"
	ProjectSection(SolutionItems) = preProject
		HowTo\Backend.md = HowTo\Backend.md
		HowTo\General.md = HowTo\General.md
	EndProjectSection
EndProject
Project("{2150E333-8FDC-42A3-9474-1A3956D46DE8}") = "Concepts", "Concepts", "{745D6F93-A8AA-4FEF-A7BC-A86271211423}"
	ProjectSection(SolutionItems) = preProject
		Concepts\001_SOLID.md = Concepts\001_SOLID.md
	EndProjectSection
EndProject
Global
	GlobalSection(SolutionConfigurationPlatforms) = preSolution
		Debug|Any CPU = Debug|Any CPU
		Release|Any CPU = Release|Any CPU
	EndGlobalSection
	GlobalSection(ProjectConfigurationPlatforms) = postSolution
		{FE505BF6-7905-4653-AC75-83DC8A776F29}.Debug|Any CPU.ActiveCfg = Debug|Any CPU
		{FE505BF6-7905-4653-AC75-83DC8A776F29}.Debug|Any CPU.Build.0 = Debug|Any CPU
		{FE505BF6-7905-4653-AC75-83DC8A776F29}.Release|Any CPU.ActiveCfg = Release|Any CPU
		{FE505BF6-7905-4653-AC75-83DC8A776F29}.Release|Any CPU.Build.0 = Release|Any CPU
		{6E763656-B5BE-4C6D-8B2C-6C4241D1BA16}.Debug|Any CPU.ActiveCfg = Debug|Any CPU
		{6E763656-B5BE-4C6D-8B2C-6C4241D1BA16}.Debug|Any CPU.Build.0 = Debug|Any CPU
		{6E763656-B5BE-4C6D-8B2C-6C4241D1BA16}.Release|Any CPU.ActiveCfg = Release|Any CPU
		{6E763656-B5BE-4C6D-8B2C-6C4241D1BA16}.Release|Any CPU.Build.0 = Release|Any CPU
	EndGlobalSection
	GlobalSection(SolutionProperties) = preSolution
		HideSolutionNode = FALSE
	EndGlobalSection
	GlobalSection(ExtensibilityGlobals) = postSolution
		SolutionGuid = {C535297A-E086-4145-97C7-A4F41D6C288C}
	EndGlobalSection
EndGlobal
